
Microsoft Visual Studio Solution File, Format Version 12.00
Project("{FAE04EC0-301F-11D3-BF4B-00C04F79EFBC}") = "CSharpTesting", "CSharpTesting\CSharpTesting.csproj", "{BFBBFD2F-4BDD-459B-AA90-E99E691F815F}"
EndProject
Global
	GlobalSection(SolutionConfigurationPlatforms) = preSolution
		Debug|Any CPU = Debug|Any CPU
		Release|Any CPU = Release|Any CPU
	EndGlobalSection
	GlobalSection(ProjectConfigurationPlatforms) = postSolution
		{BFBBFD2F-4BDD-459B-AA90-E99E691F815F}.Debug|Any CPU.ActiveCfg = Debug|Any CPU
		{BFBBFD2F-4BDD-459B-AA90-E99E691F815F}.Debug|Any CPU.Build.0 = Debug|Any CPU
		{BFBBFD2F-4BDD-459B-AA90-E99E691F815F}.Release|Any CPU.ActiveCfg = Release|Any CPU
		{BFBBFD2F-4BDD-459B-AA90-E99E691F815F}.Release|Any CPU.Build.0 = Release|Any CPU
	EndGlobalSection
EndGlobal
